
Microsoft Visual Studio Solution File, Format Version 12.00
# Visual Studio Version 16
VisualStudioVersion = 16.0.31624.102
MinimumVisualStudioVersion = 10.0.40219.1
Project("{9A19103F-16F7-4668-BE54-9A1E7A4F7556}") = "_ConsoleIU", "_ConsoleIU\_ConsoleIU.csproj", "{0CE532B2-B7C6-4F0D-BA18-F0C36F263A30}"
EndProject
Project("{FAE04EC0-301F-11D3-BF4B-00C04F79EFBC}") = "_Businuse", "_Businuse\_Businuse.csproj", "{94FE2A1C-0481-45CB-BCE3-5E596C5B0CAF}"
EndProject
Project("{FAE04EC0-301F-11D3-BF4B-00C04F79EFBC}") = "_DataAccess", "_DataAccess\_DataAccess.csproj", "{5F35F63E-3238-47C2-AC67-996D3635A595}"
EndProject
Project("{FAE04EC0-301F-11D3-BF4B-00C04F79EFBC}") = "_Entities", "_Entity\_Entities.csproj", "{C73F27EF-4B62-4D58-B371-5D5B5363ED59}"
EndProject
Project("{FAE04EC0-301F-11D3-BF4B-00C04F79EFBC}") = "_Core", "_Core\_Core.csproj", "{A92FDDB8-3585-4C4E-8F50-D77E45F50A7C}"
EndProject
Global
	GlobalSection(SolutionConfigurationPlatforms) = preSolution
		Debug|Any CPU = Debug|Any CPU
		Release|Any CPU = Release|Any CPU
	EndGlobalSection
	GlobalSection(ProjectConfigurationPlatforms) = postSolution
		{0CE532B2-B7C6-4F0D-BA18-F0C36F263A30}.Debug|Any CPU.ActiveCfg = Debug|Any CPU
		{0CE532B2-B7C6-4F0D-BA18-F0C36F263A30}.Debug|Any CPU.Build.0 = Debug|Any CPU
		{0CE532B2-B7C6-4F0D-BA18-F0C36F263A30}.Release|Any CPU.ActiveCfg = Release|Any CPU
		{0CE532B2-B7C6-4F0D-BA18-F0C36F263A30}.Release|Any CPU.Build.0 = Release|Any CPU
		{94FE2A1C-0481-45CB-BCE3-5E596C5B0CAF}.Debug|Any CPU.ActiveCfg = Debug|Any CPU
		{94FE2A1C-0481-45CB-BCE3-5E596C5B0CAF}.Debug|Any CPU.Build.0 = Debug|Any CPU
		{94FE2A1C-0481-45CB-BCE3-5E596C5B0CAF}.Release|Any CPU.ActiveCfg = Release|Any CPU
		{94FE2A1C-0481-45CB-BCE3-5E596C5B0CAF}.Release|Any CPU.Build.0 = Release|Any CPU
		{5F35F63E-3238-47C2-AC67-996D3635A595}.Debug|Any CPU.ActiveCfg = Debug|Any CPU
		{5F35F63E-3238-47C2-AC67-996D3635A595}.Debug|Any CPU.Build.0 = Debug|Any CPU
		{5F35F63E-3238-47C2-AC67-996D3635A595}.Release|Any CPU.ActiveCfg = Release|Any CPU
		{5F35F63E-3238-47C2-AC67-996D3635A595}.Release|Any CPU.Build.0 = Release|Any CPU
		{C73F27EF-4B62-4D58-B371-5D5B5363ED59}.Debug|Any CPU.ActiveCfg = Debug|Any CPU
		{C73F27EF-4B62-4D58-B371-5D5B5363ED59}.Debug|Any CPU.Build.0 = Debug|Any CPU
		{C73F27EF-4B62-4D58-B371-5D5B5363ED59}.Release|Any CPU.ActiveCfg = Release|Any CPU
		{C73F27EF-4B62-4D58-B371-5D5B5363ED59}.Release|Any CPU.Build.0 = Release|Any CPU
		{A92FDDB8-3585-4C4E-8F50-D77E45F50A7C}.Debug|Any CPU.ActiveCfg = Debug|Any CPU
		{A92FDDB8-3585-4C4E-8F50-D77E45F50A7C}.Debug|Any CPU.Build.0 = Debug|Any CPU
		{A92FDDB8-3585-4C4E-8F50-D77E45F50A7C}.Release|Any CPU.ActiveCfg = Release|Any CPU
		{A92FDDB8-3585-4C4E-8F50-D77E45F50A7C}.Release|Any CPU.Build.0 = Release|Any CPU
	EndGlobalSection
	GlobalSection(SolutionProperties) = preSolution
		HideSolutionNode = FALSE
	EndGlobalSection
	GlobalSection(ExtensibilityGlobals) = postSolution
		SolutionGuid = {0CD0093A-4968-4BA3-98E3-0F050606B3A5}
	EndGlobalSection
EndGlobal
